
Microsoft Visual Studio Solution File, Format Version 12.00
# Visual Studio Version 17
VisualStudioVersion = 17.11.35327.3
MinimumVisualStudioVersion = 10.0.40219.1
Project("{E24C65DC-7377-472B-9ABA-BC803B73C61A}") = "ConvertitoreService", "ConvertitoreService\", "{18FDDFFC-17CF-434F-A2AC-7599EDCB5806}"
	ProjectSection(WebsiteProperties) = preProject
		TargetFrameworkMoniker = ".NETFramework,Version%3Dv4.7.2"
		Debug.AspNetCompiler.VirtualPath = "/localhost_53249"
		Debug.AspNetCompiler.PhysicalPath = "ConvertitoreService\"
		Debug.AspNetCompiler.TargetPath = "PrecompiledWeb\localhost_53249\"
		Debug.AspNetCompiler.Updateable = "true"
		Debug.AspNetCompiler.ForceOverwrite = "true"
		Debug.AspNetCompiler.FixedNames = "false"
		Debug.AspNetCompiler.Debug = "True"
		Release.AspNetCompiler.VirtualPath = "/localhost_53249"
		Release.AspNetCompiler.PhysicalPath = "ConvertitoreService\"
		Release.AspNetCompiler.TargetPath = "PrecompiledWeb\localhost_53249\"
		Release.AspNetCompiler.Updateable = "true"
		Release.AspNetCompiler.ForceOverwrite = "true"
		Release.AspNetCompiler.FixedNames = "false"
		Release.AspNetCompiler.Debug = "False"
		VWDPort = "53249"
		SlnRelativePath = "ConvertitoreService\"
		DefaultWebSiteLanguage = "Visual C#"
	EndProjectSection
EndProject
Project("{FAE04EC0-301F-11D3-BF4B-00C04F79EFBC}") = "ConvertitoreClient", "ConvertitoreClient\ConvertitoreClient.csproj", "{975CFDE4-0E06-4F19-B654-C1B3F77942CE}"
	ProjectSection(ProjectDependencies) = postProject
		{18FDDFFC-17CF-434F-A2AC-7599EDCB5806} = {18FDDFFC-17CF-434F-A2AC-7599EDCB5806}
	EndProjectSection
EndProject
Global
	GlobalSection(SolutionConfigurationPlatforms) = preSolution
		Debug|Any CPU = Debug|Any CPU
		Release|Any CPU = Release|Any CPU
	EndGlobalSection
	GlobalSection(ProjectConfigurationPlatforms) = postSolution
		{18FDDFFC-17CF-434F-A2AC-7599EDCB5806}.Debug|Any CPU.ActiveCfg = Debug|Any CPU
		{18FDDFFC-17CF-434F-A2AC-7599EDCB5806}.Debug|Any CPU.Build.0 = Debug|Any CPU
		{18FDDFFC-17CF-434F-A2AC-7599EDCB5806}.Release|Any CPU.ActiveCfg = Debug|Any CPU
		{18FDDFFC-17CF-434F-A2AC-7599EDCB5806}.Release|Any CPU.Build.0 = Debug|Any CPU
		{975CFDE4-0E06-4F19-B654-C1B3F77942CE}.Debug|Any CPU.ActiveCfg = Debug|Any CPU
		{975CFDE4-0E06-4F19-B654-C1B3F77942CE}.Debug|Any CPU.Build.0 = Debug|Any CPU
		{975CFDE4-0E06-4F19-B654-C1B3F77942CE}.Release|Any CPU.ActiveCfg = Release|Any CPU
		{975CFDE4-0E06-4F19-B654-C1B3F77942CE}.Release|Any CPU.Build.0 = Release|Any CPU
	EndGlobalSection
	GlobalSection(SolutionProperties) = preSolution
		HideSolutionNode = FALSE
	EndGlobalSection
	GlobalSection(ExtensibilityGlobals) = postSolution
		SolutionGuid = {CE8AA298-EC6B-4C2B-AE59-607D91A4129E}
	EndGlobalSection
EndGlobal
